
Microsoft Visual Studio Solution File, Format Version 12.00
# Visual Studio 2013
VisualStudioVersion = 12.0.40629.0
MinimumVisualStudioVersion = 10.0.40219.1
Project("{2150E333-8FDC-42A3-9474-1A3956D46DE8}") = "README", "README", "{2377036E-5896-4E09-949F-4307D0A2F39D}"
	ProjectSection(SolutionItems) = preProject
		LICENSE = LICENSE
		README.md = README.md
	EndProjectSection
EndProject
Project("{FAE04EC0-301F-11D3-BF4B-00C04F79EFBC}") = "IPAddressRange", "IPAddressRange\IPAddressRange.csproj", "{B166E28A-7C80-48A4-BE33-08FBF4D4B6BE}"
EndProject
Project("{FAE04EC0-301F-11D3-BF4B-00C04F79EFBC}") = "IPAddressRange.Test", "IPAddressRange.Test\IPAddressRange.Test.csproj", "{F3F717CA-2784-4CD2-BD80-345132AB3BC3}"
EndProject
Global
	GlobalSection(SolutionConfigurationPlatforms) = preSolution
		Debug|Any CPU = Debug|Any CPU
		Release|Any CPU = Release|Any CPU
	EndGlobalSection
	GlobalSection(ProjectConfigurationPlatforms) = postSolution
		{B166E28A-7C80-48A4-BE33-08FBF4D4B6BE}.Debug|Any CPU.ActiveCfg = Debug|Any CPU
		{B166E28A-7C80-48A4-BE33-08FBF4D4B6BE}.Debug|Any CPU.Build.0 = Debug|Any CPU
		{B166E28A-7C80-48A4-BE33-08FBF4D4B6BE}.Release|Any CPU.ActiveCfg = Release|Any CPU
		{B166E28A-7C80-48A4-BE33-08FBF4D4B6BE}.Release|Any CPU.Build.0 = Release|Any CPU
		{F3F717CA-2784-4CD2-BD80-345132AB3BC3}.Debug|Any CPU.ActiveCfg = Debug|Any CPU
		{F3F717CA-2784-4CD2-BD80-345132AB3BC3}.Debug|Any CPU.Build.0 = Debug|Any CPU
		{F3F717CA-2784-4CD2-BD80-345132AB3BC3}.Release|Any CPU.ActiveCfg = Release|Any CPU
		{F3F717CA-2784-4CD2-BD80-345132AB3BC3}.Release|Any CPU.Build.0 = Release|Any CPU
	EndGlobalSection
	GlobalSection(SolutionProperties) = preSolution
		HideSolutionNode = FALSE
	EndGlobalSection
	GlobalSection(ExtensibilityGlobals) = postSolution
		SolutionGuid = {9159B037-A518-416B-A834-A1C80E85BEE4}
	EndGlobalSection
EndGlobal
